
Microsoft Visual Studio Solution File, Format Version 12.00
# Visual Studio Version 16
VisualStudioVersion = 16.0.30114.105
MinimumVisualStudioVersion = 10.0.40219.1
Project("{FAE04EC0-301F-11D3-BF4B-00C04F79EFBC}") = "launcher", "launcher\launcher.csproj", "{12BE269A-321B-4F57-B8A8-83B6253F4202}"
EndProject
Project("{FAE04EC0-301F-11D3-BF4B-00C04F79EFBC}") = "receiver", "receiver\receiver.csproj", "{B434DA9D-ABDF-48DE-9A2D-58F3415DCE7A}"
EndProject
Global
	GlobalSection(SolutionConfigurationPlatforms) = preSolution
		Debug|Any CPU = Debug|Any CPU
		Release|Any CPU = Release|Any CPU
	EndGlobalSection
	GlobalSection(SolutionProperties) = preSolution
		HideSolutionNode = FALSE
	EndGlobalSection
	GlobalSection(ProjectConfigurationPlatforms) = postSolution
		{12BE269A-321B-4F57-B8A8-83B6253F4202}.Debug|Any CPU.ActiveCfg = Debug|Any CPU
		{12BE269A-321B-4F57-B8A8-83B6253F4202}.Debug|Any CPU.Build.0 = Debug|Any CPU
		{12BE269A-321B-4F57-B8A8-83B6253F4202}.Release|Any CPU.ActiveCfg = Release|Any CPU
		{12BE269A-321B-4F57-B8A8-83B6253F4202}.Release|Any CPU.Build.0 = Release|Any CPU
		{B434DA9D-ABDF-48DE-9A2D-58F3415DCE7A}.Debug|Any CPU.ActiveCfg = Debug|Any CPU
		{B434DA9D-ABDF-48DE-9A2D-58F3415DCE7A}.Debug|Any CPU.Build.0 = Debug|Any CPU
		{B434DA9D-ABDF-48DE-9A2D-58F3415DCE7A}.Release|Any CPU.ActiveCfg = Release|Any CPU
		{B434DA9D-ABDF-48DE-9A2D-58F3415DCE7A}.Release|Any CPU.Build.0 = Release|Any CPU
	EndGlobalSection
EndGlobal
